
Microsoft Visual Studio Solution File, Format Version 12.00
# Visual Studio Version 17
VisualStudioVersion = 17.11.35327.3
MinimumVisualStudioVersion = 10.0.40219.1
Project("{FAE04EC0-301F-11D3-BF4B-00C04F79EFBC}") = "QueryMonitoring", "QueryMonitoring.csproj", "{29F0DBC3-040F-4A01-8CE2-9154159E8DC4}"
EndProject
Global
	GlobalSection(SolutionConfigurationPlatforms) = preSolution
		Debug|Any CPU = Debug|Any CPU
		Release|Any CPU = Release|Any CPU
	EndGlobalSection
	GlobalSection(ProjectConfigurationPlatforms) = postSolution
		{29F0DBC3-040F-4A01-8CE2-9154159E8DC4}.Debug|Any CPU.ActiveCfg = Debug|Any CPU
		{29F0DBC3-040F-4A01-8CE2-9154159E8DC4}.Debug|Any CPU.Build.0 = Debug|Any CPU
		{29F0DBC3-040F-4A01-8CE2-9154159E8DC4}.Release|Any CPU.ActiveCfg = Release|Any CPU
		{29F0DBC3-040F-4A01-8CE2-9154159E8DC4}.Release|Any CPU.Build.0 = Release|Any CPU
	EndGlobalSection
	GlobalSection(SolutionProperties) = preSolution
		HideSolutionNode = FALSE
	EndGlobalSection
	GlobalSection(ExtensibilityGlobals) = postSolution
		SolutionGuid = {0F63BBF9-11A2-4C27-9851-5322D28DF7CD}
	EndGlobalSection
EndGlobal
